
Microsoft Visual Studio Solution File, Format Version 12.00
# Visual Studio 15
VisualStudioVersion = 15.0.27703.2047
MinimumVisualStudioVersion = 10.0.40219.1
Project("{8BC9CEB8-8B4A-11D0-8D11-00A0C91BC942}") = "MakeWindow", "MakeWindow\MakeWindow.vcxproj", "{9EA80C66-1EFF-41C2-92EA-EB27E81E3BB8}"
EndProject
Global
	GlobalSection(SolutionConfigurationPlatforms) = preSolution
		Debug|x64 = Debug|x64
		Debug|x86 = Debug|x86
		Release|x64 = Release|x64
		Release|x86 = Release|x86
	EndGlobalSection
	GlobalSection(ProjectConfigurationPlatforms) = postSolution
		{9EA80C66-1EFF-41C2-92EA-EB27E81E3BB8}.Debug|x64.ActiveCfg = Debug|x64
		{9EA80C66-1EFF-41C2-92EA-EB27E81E3BB8}.Debug|x64.Build.0 = Debug|x64
		{9EA80C66-1EFF-41C2-92EA-EB27E81E3BB8}.Debug|x86.ActiveCfg = Debug|Win32
		{9EA80C66-1EFF-41C2-92EA-EB27E81E3BB8}.Debug|x86.Build.0 = Debug|Win32
		{9EA80C66-1EFF-41C2-92EA-EB27E81E3BB8}.Release|x64.ActiveCfg = Release|x64
		{9EA80C66-1EFF-41C2-92EA-EB27E81E3BB8}.Release|x64.Build.0 = Release|x64
		{9EA80C66-1EFF-41C2-92EA-EB27E81E3BB8}.Release|x86.ActiveCfg = Release|Win32
		{9EA80C66-1EFF-41C2-92EA-EB27E81E3BB8}.Release|x86.Build.0 = Release|Win32
	EndGlobalSection
	GlobalSection(SolutionProperties) = preSolution
		HideSolutionNode = FALSE
	EndGlobalSection
	GlobalSection(ExtensibilityGlobals) = postSolution
		SolutionGuid = {A149C406-E81A-48AE-AA86-C90A6A9BDAAB}
	EndGlobalSection
EndGlobal
